
Microsoft Visual Studio Solution File, Format Version 12.00
# Visual Studio Version 16
VisualStudioVersion = 16.0.29613.14
MinimumVisualStudioVersion = 10.0.40219.1
Project("{FAE04EC0-301F-11D3-BF4B-00C04F79EFBC}") = "GerenciadorPizzaTest", "ControleDePizzaTest\GerenciadorPizzaTest.csproj", "{2BA84D5A-2ECA-42A3-AA84-B1F2BFD4906D}"
EndProject
Global
	GlobalSection(SolutionConfigurationPlatforms) = preSolution
		Debug|Any CPU = Debug|Any CPU
		Release|Any CPU = Release|Any CPU
	EndGlobalSection
	GlobalSection(ProjectConfigurationPlatforms) = postSolution
		{2BA84D5A-2ECA-42A3-AA84-B1F2BFD4906D}.Debug|Any CPU.ActiveCfg = Debug|Any CPU
		{2BA84D5A-2ECA-42A3-AA84-B1F2BFD4906D}.Debug|Any CPU.Build.0 = Debug|Any CPU
		{2BA84D5A-2ECA-42A3-AA84-B1F2BFD4906D}.Release|Any CPU.ActiveCfg = Release|Any CPU
		{2BA84D5A-2ECA-42A3-AA84-B1F2BFD4906D}.Release|Any CPU.Build.0 = Release|Any CPU
	EndGlobalSection
	GlobalSection(SolutionProperties) = preSolution
		HideSolutionNode = FALSE
	EndGlobalSection
	GlobalSection(ExtensibilityGlobals) = postSolution
		SolutionGuid = {58A51388-DD98-4F71-9D28-094775ACCE99}
	EndGlobalSection
EndGlobal
